// !$*UTF8*$!
{
	archiveVersion = 1;
	classes = {
	};
	objectVersion = 56;
	objects = {

/* Begin PBXBuildFile section */
		A602624E2B623CA2004C1392 /* AppDelegate.swift in Sources */ = {isa = PBXBuildFile; fileRef = A602624D2B623CA2004C1392 /* AppDelegate.swift */; };
		A60262502B623CA2004C1392 /* SceneDelegate.swift in Sources */ = {isa = PBXBuildFile; fileRef = A602624F2B623CA2004C1392 /* SceneDelegate.swift */; };
		A60262572B623CA3004C1392 /* Assets.xcassets in Resources */ = {isa = PBXBuildFile; fileRef = A60262562B623CA3004C1392 /* Assets.xcassets */; };
		A602625A2B623CA3004C1392 /* LaunchScreen.storyboard in Resources */ = {isa = PBXBuildFile; fileRef = A60262582B623CA3004C1392 /* LaunchScreen.storyboard */; };
		A602627C2B627B3B004C1392 /* FirstOnboardingViewController.swift in Sources */ = {isa = PBXBuildFile; fileRef = A602627A2B627B3B004C1392 /* FirstOnboardingViewController.swift */; };
		A602627D2B627B3B004C1392 /* FirstOnboardingViewController.xib in Resources */ = {isa = PBXBuildFile; fileRef = A602627B2B627B3B004C1392 /* FirstOnboardingViewController.xib */; };
		A616D8462B6841FF00F47713 /* TabBarController.swift in Sources */ = {isa = PBXBuildFile; fileRef = A616D8452B6841FF00F47713 /* TabBarController.swift */; };
		A616D84A2B68428D00F47713 /* HomeViewController.swift in Sources */ = {isa = PBXBuildFile; fileRef = A616D8482B68428D00F47713 /* HomeViewController.swift */; };
		A616D84B2B68428D00F47713 /* HomeViewController.xib in Resources */ = {isa = PBXBuildFile; fileRef = A616D8492B68428D00F47713 /* HomeViewController.xib */; };
		A64397482B62EE920079B3A1 /* RegistrationHomeViewController.swift in Sources */ = {isa = PBXBuildFile; fileRef = A64397462B62EE920079B3A1 /* RegistrationHomeViewController.swift */; };
		A64397492B62EE920079B3A1 /* RegistrationHomeViewController.xib in Resources */ = {isa = PBXBuildFile; fileRef = A64397472B62EE920079B3A1 /* RegistrationHomeViewController.xib */; };
		A643974C2B630B800079B3A1 /* VerificationViewController.swift in Sources */ = {isa = PBXBuildFile; fileRef = A643974A2B630B800079B3A1 /* VerificationViewController.swift */; };
		A65846DF2B63AB2A00E062E2 /* LoginViewController.swift in Sources */ = {isa = PBXBuildFile; fileRef = A65846DD2B63AB2A00E062E2 /* LoginViewController.swift */; };
		A65846E02B63AB2A00E062E2 /* LoginViewController.xib in Resources */ = {isa = PBXBuildFile; fileRef = A65846DE2B63AB2A00E062E2 /* LoginViewController.xib */; };
		A65846E32B63CD6000E062E2 /* NetworkCall.swift in Sources */ = {isa = PBXBuildFile; fileRef = A65846E22B63CD6000E062E2 /* NetworkCall.swift */; };
		A65846E62B63CDC200E062E2 /* Model.swift in Sources */ = {isa = PBXBuildFile; fileRef = A65846E52B63CDC200E062E2 /* Model.swift */; };
		A65846E82B63D05C00E062E2 /* RegistrationMVVMModel.swift in Sources */ = {isa = PBXBuildFile; fileRef = A65846E72B63D05C00E062E2 /* RegistrationMVVMModel.swift */; };
		A6ECB1ED2B628AC0002CC1BD /* OnboardingOneCollectionViewCell.swift in Sources */ = {isa = PBXBuildFile; fileRef = A6ECB1EB2B628AC0002CC1BD /* OnboardingOneCollectionViewCell.swift */; };
		A6ECB1EE2B628AC0002CC1BD /* OnboardingOneCollectionViewCell.xib in Resources */ = {isa = PBXBuildFile; fileRef = A6ECB1EC2B628AC0002CC1BD /* OnboardingOneCollectionViewCell.xib */; };
		A6ECB1F02B6294A2002CC1BD /* SplashModel.swift in Sources */ = {isa = PBXBuildFile; fileRef = A6ECB1EF2B6294A2002CC1BD /* SplashModel.swift */; };
/* End PBXBuildFile section */

/* Begin PBXFileReference section */
		A602624A2B623CA2004C1392 /* LoanApp.app */ = {isa = PBXFileReference; explicitFileType = wrapper.application; includeInIndex = 0; path = LoanApp.app; sourceTree = BUILT_PRODUCTS_DIR; };
		A602624D2B623CA2004C1392 /* AppDelegate.swift */ = {isa = PBXFileReference; lastKnownFileType = sourcecode.swift; path = AppDelegate.swift; sourceTree = "<group>"; };
		A602624F2B623CA2004C1392 /* SceneDelegate.swift */ = {isa = PBXFileReference; lastKnownFileType = sourcecode.swift; path = SceneDelegate.swift; sourceTree = "<group>"; };
		A60262562B623CA3004C1392 /* Assets.xcassets */ = {isa = PBXFileReference; lastKnownFileType = folder.assetcatalog; path = Assets.xcassets; sourceTree = "<group>"; };
		A60262592B623CA3004C1392 /* Base */ = {isa = PBXFileReference; lastKnownFileType = file.storyboard; name = Base; path = Base.lproj/LaunchScreen.storyboard; sourceTree = "<group>"; };
		A602625B2B623CA3004C1392 /* Info.plist */ = {isa = PBXFileReference; lastKnownFileType = text.plist.xml; path = Info.plist; sourceTree = "<group>"; };
		A602627A2B627B3B004C1392 /* FirstOnboardingViewController.swift */ = {isa = PBXFileReference; lastKnownFileType = sourcecode.swift; path = FirstOnboardingViewController.swift; sourceTree = "<group>"; };
		A602627B2B627B3B004C1392 /* FirstOnboardingViewController.xib */ = {isa = PBXFileReference; lastKnownFileType = file.xib; path = FirstOnboardingViewController.xib; sourceTree = "<group>"; };
		A616D8452B6841FF00F47713 /* TabBarController.swift */ = {isa = PBXFileReference; lastKnownFileType = sourcecode.swift; path = TabBarController.swift; sourceTree = "<group>"; };
		A616D8482B68428D00F47713 /* HomeViewController.swift */ = {isa = PBXFileReference; lastKnownFileType = sourcecode.swift; path = HomeViewController.swift; sourceTree = "<group>"; };
		A616D8492B68428D00F47713 /* HomeViewController.xib */ = {isa = PBXFileReference; lastKnownFileType = file.xib; path = HomeViewController.xib; sourceTree = "<group>"; };
		A64397462B62EE920079B3A1 /* RegistrationHomeViewController.swift */ = {isa = PBXFileReference; lastKnownFileType = sourcecode.swift; path = RegistrationHomeViewController.swift; sourceTree = "<group>"; };
		A64397472B62EE920079B3A1 /* RegistrationHomeViewController.xib */ = {isa = PBXFileReference; lastKnownFileType = file.xib; path = RegistrationHomeViewController.xib; sourceTree = "<group>"; };
		A643974A2B630B800079B3A1 /* VerificationViewController.swift */ = {isa = PBXFileReference; lastKnownFileType = sourcecode.swift; path = VerificationViewController.swift; sourceTree = "<group>"; };
		A65846DD2B63AB2A00E062E2 /* LoginViewController.swift */ = {isa = PBXFileReference; lastKnownFileType = sourcecode.swift; path = LoginViewController.swift; sourceTree = "<group>"; };
		A65846DE2B63AB2A00E062E2 /* LoginViewController.xib */ = {isa = PBXFileReference; lastKnownFileType = file.xib; path = LoginViewController.xib; sourceTree = "<group>"; };
		A65846E22B63CD6000E062E2 /* NetworkCall.swift */ = {isa = PBXFileReference; lastKnownFileType = sourcecode.swift; path = NetworkCall.swift; sourceTree = "<group>"; };
		A65846E52B63CDC200E062E2 /* Model.swift */ = {isa = PBXFileReference; lastKnownFileType = sourcecode.swift; path = Model.swift; sourceTree = "<group>"; };
		A65846E72B63D05C00E062E2 /* RegistrationMVVMModel.swift */ = {isa = PBXFileReference; lastKnownFileType = sourcecode.swift; path = RegistrationMVVMModel.swift; sourceTree = "<group>"; };
		A6ECB1EB2B628AC0002CC1BD /* OnboardingOneCollectionViewCell.swift */ = {isa = PBXFileReference; lastKnownFileType = sourcecode.swift; path = OnboardingOneCollectionViewCell.swift; sourceTree = "<group>"; };
		A6ECB1EC2B628AC0002CC1BD /* OnboardingOneCollectionViewCell.xib */ = {isa = PBXFileReference; lastKnownFileType = file.xib; path = OnboardingOneCollectionViewCell.xib; sourceTree = "<group>"; };
		A6ECB1EF2B6294A2002CC1BD /* SplashModel.swift */ = {isa = PBXFileReference; lastKnownFileType = sourcecode.swift; path = SplashModel.swift; sourceTree = "<group>"; };
/* End PBXFileReference section */

/* Begin PBXFrameworksBuildPhase section */
		A60262472B623CA2004C1392 /* Frameworks */ = {
			isa = PBXFrameworksBuildPhase;
			buildActionMask = 2147483647;
			files = (
			);
			runOnlyForDeploymentPostprocessing = 0;
		};
/* End PBXFrameworksBuildPhase section */

/* Begin PBXGroup section */
		A60262412B623CA2004C1392 = {
			isa = PBXGroup;
			children = (
				A602624C2B623CA2004C1392 /* LoanApp */,
				A602624B2B623CA2004C1392 /* Products */,
			);
			sourceTree = "<group>";
		};
		A602624B2B623CA2004C1392 /* Products */ = {
			isa = PBXGroup;
			children = (
				A602624A2B623CA2004C1392 /* LoanApp.app */,
			);
			name = Products;
			sourceTree = "<group>";
		};
		A602624C2B623CA2004C1392 /* LoanApp */ = {
			isa = PBXGroup;
			children = (
				A60262612B623DD4004C1392 /* Onboarding Page */,
				A602624D2B623CA2004C1392 /* AppDelegate.swift */,
				A602624F2B623CA2004C1392 /* SceneDelegate.swift */,
				A60262562B623CA3004C1392 /* Assets.xcassets */,
				A60262582B623CA3004C1392 /* LaunchScreen.storyboard */,
				A602625B2B623CA3004C1392 /* Info.plist */,
			);
			path = LoanApp;
			sourceTree = "<group>";
		};
		A60262612B623DD4004C1392 /* Onboarding Page */ = {
			isa = PBXGroup;
			children = (
				A616D8472B68425900F47713 /* Home Page */,
				A616D8402B68412600F47713 /* Tab Group */,
				A65846E42B63CDA400E062E2 /* Model */,
				A65846E12B63CB7300E062E2 /* NetworkCall */,
				A6ECB1F12B62A56E002CC1BD /* Login */,
				A60262842B627D09004C1392 /* Splash Screen */,
			);
			path = "Onboarding Page";
			sourceTree = "<group>";
		};
		A60262842B627D09004C1392 /* Splash Screen */ = {
			isa = PBXGroup;
			children = (
				A602627A2B627B3B004C1392 /* FirstOnboardingViewController.swift */,
				A602627B2B627B3B004C1392 /* FirstOnboardingViewController.xib */,
				A6ECB1EB2B628AC0002CC1BD /* OnboardingOneCollectionViewCell.swift */,
				A6ECB1EC2B628AC0002CC1BD /* OnboardingOneCollectionViewCell.xib */,
				A6ECB1EF2B6294A2002CC1BD /* SplashModel.swift */,
			);
			path = "Splash Screen";
			sourceTree = "<group>";
		};
		A616D8402B68412600F47713 /* Tab Group */ = {
			isa = PBXGroup;
			children = (
				A616D8452B6841FF00F47713 /* TabBarController.swift */,
			);
			path = "Tab Group";
			sourceTree = "<group>";
		};
		A616D8472B68425900F47713 /* Home Page */ = {
			isa = PBXGroup;
			children = (
				A616D8482B68428D00F47713 /* HomeViewController.swift */,
				A616D8492B68428D00F47713 /* HomeViewController.xib */,
			);
			path = "Home Page";
			sourceTree = "<group>";
		};
		A65846E12B63CB7300E062E2 /* NetworkCall */ = {
			isa = PBXGroup;
			children = (
				A65846E22B63CD6000E062E2 /* NetworkCall.swift */,
			);
			path = NetworkCall;
			sourceTree = "<group>";
		};
		A65846E42B63CDA400E062E2 /* Model */ = {
			isa = PBXGroup;
			children = (
				A65846E52B63CDC200E062E2 /* Model.swift */,
				A65846E72B63D05C00E062E2 /* RegistrationMVVMModel.swift */,
			);
			path = Model;
			sourceTree = "<group>";
		};
		A6ECB1F12B62A56E002CC1BD /* Login */ = {
			isa = PBXGroup;
			children = (
				A64397462B62EE920079B3A1 /* RegistrationHomeViewController.swift */,
				A64397472B62EE920079B3A1 /* RegistrationHomeViewController.xib */,
				A643974A2B630B800079B3A1 /* VerificationViewController.swift */,
				A65846DD2B63AB2A00E062E2 /* LoginViewController.swift */,
				A65846DE2B63AB2A00E062E2 /* LoginViewController.xib */,
			);
			path = Login;
			sourceTree = "<group>";
		};
/* End PBXGroup section */

/* Begin PBXNativeTarget section */
		A60262492B623CA2004C1392 /* LoanApp */ = {
			isa = PBXNativeTarget;
			buildConfigurationList = A602625E2B623CA3004C1392 /* Build configuration list for PBXNativeTarget "LoanApp" */;
			buildPhases = (
				A60262462B623CA2004C1392 /* Sources */,
				A60262472B623CA2004C1392 /* Frameworks */,
				A60262482B623CA2004C1392 /* Resources */,
			);
			buildRules = (
			);
			dependencies = (
			);
			name = LoanApp;
			productName = LoanApp;
			productReference = A602624A2B623CA2004C1392 /* LoanApp.app */;
			productType = "com.apple.product-type.application";
		};
/* End PBXNativeTarget section */

/* Begin PBXProject section */
		A60262422B623CA2004C1392 /* Project object */ = {
			isa = PBXProject;
			attributes = {
				BuildIndependentTargetsInParallel = 1;
				LastSwiftUpdateCheck = 1520;
				LastUpgradeCheck = 1520;
				TargetAttributes = {
					A60262492B623CA2004C1392 = {
						CreatedOnToolsVersion = 15.2;
					};
				};
			};
			buildConfigurationList = A60262452B623CA2004C1392 /* Build configuration list for PBXProject "LoanApp" */;
			compatibilityVersion = "Xcode 14.0";
			developmentRegion = en;
			hasScannedForEncodings = 0;
			knownRegions = (
				en,
				Base,
			);
			mainGroup = A60262412B623CA2004C1392;
			productRefGroup = A602624B2B623CA2004C1392 /* Products */;
			projectDirPath = "";
			projectRoot = "";
			targets = (
				A60262492B623CA2004C1392 /* LoanApp */,
			);
		};
/* End PBXProject section */

/* Begin PBXResourcesBuildPhase section */
		A60262482B623CA2004C1392 /* Resources */ = {
			isa = PBXResourcesBuildPhase;
			buildActionMask = 2147483647;
			files = (
				A602627D2B627B3B004C1392 /* FirstOnboardingViewController.xib in Resources */,
				A65846E02B63AB2A00E062E2 /* LoginViewController.xib in Resources */,
				A64397492B62EE920079B3A1 /* RegistrationHomeViewController.xib in Resources */,
				A602625A2B623CA3004C1392 /* LaunchScreen.storyboard in Resources */,
				A60262572B623CA3004C1392 /* Assets.xcassets in Resources */,
				A616D84B2B68428D00F47713 /* HomeViewController.xib in Resources */,
				A6ECB1EE2B628AC0002CC1BD /* OnboardingOneCollectionViewCell.xib in Resources */,
			);
			runOnlyForDeploymentPostprocessing = 0;
		};
/* End PBXResourcesBuildPhase section */

/* Begin PBXSourcesBuildPhase section */
		A60262462B623CA2004C1392 /* Sources */ = {
			isa = PBXSourcesBuildPhase;
			buildActionMask = 2147483647;
			files = (
				A65846DF2B63AB2A00E062E2 /* LoginViewController.swift in Sources */,
				A643974C2B630B800079B3A1 /* VerificationViewController.swift in Sources */,
				A6ECB1F02B6294A2002CC1BD /* SplashModel.swift in Sources */,
				A602627C2B627B3B004C1392 /* FirstOnboardingViewController.swift in Sources */,
				A65846E32B63CD6000E062E2 /* NetworkCall.swift in Sources */,
				A64397482B62EE920079B3A1 /* RegistrationHomeViewController.swift in Sources */,
				A65846E62B63CDC200E062E2 /* Model.swift in Sources */,
				A65846E82B63D05C00E062E2 /* RegistrationMVVMModel.swift in Sources */,
				A6ECB1ED2B628AC0002CC1BD /* OnboardingOneCollectionViewCell.swift in Sources */,
				A616D8462B6841FF00F47713 /* TabBarController.swift in Sources */,
				A602624E2B623CA2004C1392 /* AppDelegate.swift in Sources */,
				A616D84A2B68428D00F47713 /* HomeViewController.swift in Sources */,
				A60262502B623CA2004C1392 /* SceneDelegate.swift in Sources */,
			);
			runOnlyForDeploymentPostprocessing = 0;
		};
/* End PBXSourcesBuildPhase section */

/* Begin PBXVariantGroup section */
		A60262582B623CA3004C1392 /* LaunchScreen.storyboard */ = {
			isa = PBXVariantGroup;
			children = (
				A60262592B623CA3004C1392 /* Base */,
			);
			name = LaunchScreen.storyboard;
			sourceTree = "<group>";
		};
/* End PBXVariantGroup section */

/* Begin XCBuildConfiguration section */
		A602625C2B623CA3004C1392 /* Debug */ = {
			isa = XCBuildConfiguration;
			buildSettings = {
				ALWAYS_SEARCH_USER_PATHS = NO;
				ASSETCATALOG_COMPILER_GENERATE_SWIFT_ASSET_SYMBOL_EXTENSIONS = YES;
				CLANG_ANALYZER_NONNULL = YES;
				CLANG_ANALYZER_NUMBER_OBJECT_CONVERSION = YES_AGGRESSIVE;
				CLANG_CXX_LANGUAGE_STANDARD = "gnu++20";
				CLANG_ENABLE_MODULES = YES;
				CLANG_ENABLE_OBJC_ARC = YES;
				CLANG_ENABLE_OBJC_WEAK = YES;
				CLANG_WARN_BLOCK_CAPTURE_AUTORELEASING = YES;
				CLANG_WARN_BOOL_CONVERSION = YES;
				CLANG_WARN_COMMA = YES;
				CLANG_WARN_CONSTANT_CONVERSION = YES;
				CLANG_WARN_DEPRECATED_OBJC_IMPLEMENTATIONS = YES;
				CLANG_WARN_DIRECT_OBJC_ISA_USAGE = YES_ERROR;
				CLANG_WARN_DOCUMENTATION_COMMENTS = YES;
				CLANG_WARN_EMPTY_BODY = YES;
				CLANG_WARN_ENUM_CONVERSION = YES;
				CLANG_WARN_INFINITE_RECURSION = YES;
				CLANG_WARN_INT_CONVERSION = YES;
				CLANG_WARN_NON_LITERAL_NULL_CONVERSION = YES;
				CLANG_WARN_OBJC_IMPLICIT_RETAIN_SELF = YES;
				CLANG_WARN_OBJC_LITERAL_CONVERSION = YES;
				CLANG_WARN_OBJC_ROOT_CLASS = YES_ERROR;
				CLANG_WARN_QUOTED_INCLUDE_IN_FRAMEWORK_HEADER = YES;
				CLANG_WARN_RANGE_LOOP_ANALYSIS = YES;
				CLANG_WARN_STRICT_PROTOTYPES = YES;
				CLANG_WARN_SUSPICIOUS_MOVE = YES;
				CLANG_WARN_UNGUARDED_AVAILABILITY = YES_AGGRESSIVE;
				CLANG_WARN_UNREACHABLE_CODE = YES;
				CLANG_WARN__DUPLICATE_METHOD_MATCH = YES;
				COPY_PHASE_STRIP = NO;
				DEBUG_INFORMATION_FORMAT = dwarf;
				ENABLE_STRICT_OBJC_MSGSEND = YES;
				ENABLE_TESTABILITY = YES;
				ENABLE_USER_SCRIPT_SANDBOXING = YES;
				GCC_C_LANGUAGE_STANDARD = gnu17;
				GCC_DYNAMIC_NO_PIC = NO;
				GCC_NO_COMMON_BLOCKS = YES;
				GCC_OPTIMIZATION_LEVEL = 0;
				GCC_PREPROCESSOR_DEFINITIONS = (
					"DEBUG=1",
					"$(inherited)",
				);
				GCC_WARN_64_TO_32_BIT_CONVERSION = YES;
				GCC_WARN_ABOUT_RETURN_TYPE = YES_ERROR;
				GCC_WARN_UNDECLARED_SELECTOR = YES;
				GCC_WARN_UNINITIALIZED_AUTOS = YES_AGGRESSIVE;
				GCC_WARN_UNUSED_FUNCTION = YES;
				GCC_WARN_UNUSED_VARIABLE = YES;
				IPHONEOS_DEPLOYMENT_TARGET = 17.2;
				LOCALIZATION_PREFERS_STRING_CATALOGS = YES;
				MTL_ENABLE_DEBUG_INFO = INCLUDE_SOURCE;
				MTL_FAST_MATH = YES;
				ONLY_ACTIVE_ARCH = YES;
				SDKROOT = iphoneos;
				SWIFT_ACTIVE_COMPILATION_CONDITIONS = "DEBUG $(inherited)";
				SWIFT_OPTIMIZATION_LEVEL = "-Onone";
			};
			name = Debug;
		};
		A602625D2B623CA3004C1392 /* Release */ = {
			isa = XCBuildConfiguration;
			buildSettings = {
				ALWAYS_SEARCH_USER_PATHS = NO;
				ASSETCATALOG_COMPILER_GENERATE_SWIFT_ASSET_SYMBOL_EXTENSIONS = YES;
				CLANG_ANALYZER_NONNULL = YES;
				CLANG_ANALYZER_NUMBER_OBJECT_CONVERSION = YES_AGGRESSIVE;
				CLANG_CXX_LANGUAGE_STANDARD = "gnu++20";
				CLANG_ENABLE_MODULES = YES;
				CLANG_ENABLE_OBJC_ARC = YES;
				CLANG_ENABLE_OBJC_WEAK = YES;
				CLANG_WARN_BLOCK_CAPTURE_AUTORELEASING = YES;
				CLANG_WARN_BOOL_CONVERSION = YES;
				CLANG_WARN_COMMA = YES;
				CLANG_WARN_CONSTANT_CONVERSION = YES;
				CLANG_WARN_DEPRECATED_OBJC_IMPLEMENTATIONS = YES;
				CLANG_WARN_DIRECT_OBJC_ISA_USAGE = YES_ERROR;
				CLANG_WARN_DOCUMENTATION_COMMENTS = YES;
				CLANG_WARN_EMPTY_BODY = YES;
				CLANG_WARN_ENUM_CONVERSION = YES;
				CLANG_WARN_INFINITE_RECURSION = YES;
				CLANG_WARN_INT_CONVERSION = YES;
				CLANG_WARN_NON_LITERAL_NULL_CONVERSION = YES;
				CLANG_WARN_OBJC_IMPLICIT_RETAIN_SELF = YES;
				CLANG_WARN_OBJC_LITERAL_CONVERSION = YES;
				CLANG_WARN_OBJC_ROOT_CLASS = YES_ERROR;
				CLANG_WARN_QUOTED_INCLUDE_IN_FRAMEWORK_HEADER = YES;
				CLANG_WARN_RANGE_LOOP_ANALYSIS = YES;
				CLANG_WARN_STRICT_PROTOTYPES = YES;
				CLANG_WARN_SUSPICIOUS_MOVE = YES;
				CLANG_WARN_UNGUARDED_AVAILABILITY = YES_AGGRESSIVE;
				CLANG_WARN_UNREACHABLE_CODE = YES;
				CLANG_WARN__DUPLICATE_METHOD_MATCH = YES;
				COPY_PHASE_STRIP = NO;
				DEBUG_INFORMATION_FORMAT = "dwarf-with-dsym";
				ENABLE_NS_ASSERTIONS = NO;
				ENABLE_STRICT_OBJC_MSGSEND = YES;
				ENABLE_USER_SCRIPT_SANDBOXING = YES;
				GCC_C_LANGUAGE_STANDARD = gnu17;
				GCC_NO_COMMON_BLOCKS = YES;
				GCC_WARN_64_TO_32_BIT_CONVERSION = YES;
				GCC_WARN_ABOUT_RETURN_TYPE = YES_ERROR;
				GCC_WARN_UNDECLARED_SELECTOR = YES;
				GCC_WARN_UNINITIALIZED_AUTOS = YES_AGGRESSIVE;
				GCC_WARN_UNUSED_FUNCTION = YES;
				GCC_WARN_UNUSED_VARIABLE = YES;
				IPHONEOS_DEPLOYMENT_TARGET = 17.2;
				LOCALIZATION_PREFERS_STRING_CATALOGS = YES;
				MTL_ENABLE_DEBUG_INFO = NO;
				MTL_FAST_MATH = YES;
				SDKROOT = iphoneos;
				SWIFT_COMPILATION_MODE = wholemodule;
				VALIDATE_PRODUCT = YES;
			};
			name = Release;
		};
		A602625F2B623CA3004C1392 /* Debug */ = {
			isa = XCBuildConfiguration;
			buildSettings = {
				ASSETCATALOG_COMPILER_APPICON_NAME = AppIcon;
				ASSETCATALOG_COMPILER_GLOBAL_ACCENT_COLOR_NAME = AccentColor;
				CODE_SIGN_STYLE = Automatic;
				CURRENT_PROJECT_VERSION = 1;
				DEVELOPMENT_TEAM = W2P8F2N2L2;
				GENERATE_INFOPLIST_FILE = YES;
				INFOPLIST_FILE = LoanApp/Info.plist;
				INFOPLIST_KEY_UIApplicationSupportsIndirectInputEvents = YES;
				INFOPLIST_KEY_UILaunchStoryboardName = LaunchScreen;
				INFOPLIST_KEY_UISupportedInterfaceOrientations_iPad = "UIInterfaceOrientationPortrait UIInterfaceOrientationPortraitUpsideDown UIInterfaceOrientationLandscapeLeft UIInterfaceOrientationLandscapeRight";
				INFOPLIST_KEY_UISupportedInterfaceOrientations_iPhone = "UIInterfaceOrientationPortrait UIInterfaceOrientationLandscapeLeft UIInterfaceOrientationLandscapeRight";
				LD_RUNPATH_SEARCH_PATHS = (
					"$(inherited)",
					"@executable_path/Frameworks",
				);
				MARKETING_VERSION = 1.0;
				PRODUCT_BUNDLE_IDENTIFIER = com.myapp.LoanApp;
				PRODUCT_NAME = "$(TARGET_NAME)";
				SWIFT_EMIT_LOC_STRINGS = YES;
				SWIFT_VERSION = 5.0;
				TARGETED_DEVICE_FAMILY = "1,2";
			};
			name = Debug;
		};
		A60262602B623CA3004C1392 /* Release */ = {
			isa = XCBuildConfiguration;
			buildSettings = {
				ASSETCATALOG_COMPILER_APPICON_NAME = AppIcon;
				ASSETCATALOG_COMPILER_GLOBAL_ACCENT_COLOR_NAME = AccentColor;
				CODE_SIGN_STYLE = Automatic;
				CURRENT_PROJECT_VERSION = 1;
				DEVELOPMENT_TEAM = W2P8F2N2L2;
				GENERATE_INFOPLIST_FILE = YES;
				INFOPLIST_FILE = LoanApp/Info.plist;
				INFOPLIST_KEY_UIApplicationSupportsIndirectInputEvents = YES;
				INFOPLIST_KEY_UILaunchStoryboardName = LaunchScreen;
				INFOPLIST_KEY_UISupportedInterfaceOrientations_iPad = "UIInterfaceOrientationPortrait UIInterfaceOrientationPortraitUpsideDown UIInterfaceOrientationLandscapeLeft UIInterfaceOrientationLandscapeRight";
				INFOPLIST_KEY_UISupportedInterfaceOrientations_iPhone = "UIInterfaceOrientationPortrait UIInterfaceOrientationLandscapeLeft UIInterfaceOrientationLandscapeRight";
				LD_RUNPATH_SEARCH_PATHS = (
					"$(inherited)",
					"@executable_path/Frameworks",
				);
				MARKETING_VERSION = 1.0;
				PRODUCT_BUNDLE_IDENTIFIER = com.myapp.LoanApp;
				PRODUCT_NAME = "$(TARGET_NAME)";
				SWIFT_EMIT_LOC_STRINGS = YES;
				SWIFT_VERSION = 5.0;
				TARGETED_DEVICE_FAMILY = "1,2";
			};
			name = Release;
		};
/* End XCBuildConfiguration section */

/* Begin XCConfigurationList section */
		A60262452B623CA2004C1392 /* Build configuration list for PBXProject "LoanApp" */ = {
			isa = XCConfigurationList;
			buildConfigurations = (
				A602625C2B623CA3004C1392 /* Debug */,
				A602625D2B623CA3004C1392 /* Release */,
			);
			defaultConfigurationIsVisible = 0;
			defaultConfigurationName = Release;
		};
		A602625E2B623CA3004C1392 /* Build configuration list for PBXNativeTarget "LoanApp" */ = {
			isa = XCConfigurationList;
			buildConfigurations = (
				A602625F2B623CA3004C1392 /* Debug */,
				A60262602B623CA3004C1392 /* Release */,
			);
			defaultConfigurationIsVisible = 0;
			defaultConfigurationName = Release;
		};
/* End XCConfigurationList section */
	};
	rootObject = A60262422B623CA2004C1392 /* Project object */;
}
