// !$*UTF8*$!
{
	archiveVersion = 1;
	classes = {
	};
	objectVersion = 56;
	objects = {

/* Begin PBXBuildFile section */
		A602624E2B623CA2004C1392 /* AppDelegate.swift in Sources */ = {isa = PBXBuildFile; fileRef = A602624D2B623CA2004C1392 /* AppDelegate.swift */; };
		A60262502B623CA2004C1392 /* SceneDelegate.swift in Sources */ = {isa = PBXBuildFile; fileRef = A602624F2B623CA2004C1392 /* SceneDelegate.swift */; };
		A60262572B623CA3004C1392 /* Assets.xcassets in Resources */ = {isa = PBXBuildFile; fileRef = A60262562B623CA3004C1392 /* Assets.xcassets */; };
		A602625A2B623CA3004C1392 /* LaunchScreen.storyboard in Resources */ = {isa = PBXBuildFile; fileRef = A60262582B623CA3004C1392 /* LaunchScreen.storyboard */; };
		A60262642B62423A004C1392 /* FirstViewController.swift in Sources */ = {isa = PBXBuildFile; fileRef = A60262622B62423A004C1392 /* FirstViewController.swift */; };
		A60262652B62423A004C1392 /* FirstViewController.xib in Resources */ = {isa = PBXBuildFile; fileRef = A60262632B62423A004C1392 /* FirstViewController.xib */; };
		A602626C2B624C19004C1392 /* OnboardingOneViewController.swift in Sources */ = {isa = PBXBuildFile; fileRef = A602626A2B624C19004C1392 /* OnboardingOneViewController.swift */; };
		A602626D2B624C19004C1392 /* OnboardingOneViewController.xib in Resources */ = {isa = PBXBuildFile; fileRef = A602626B2B624C19004C1392 /* OnboardingOneViewController.xib */; };
		A60262702B625341004C1392 /* SecondViewController.swift in Sources */ = {isa = PBXBuildFile; fileRef = A602626E2B625341004C1392 /* SecondViewController.swift */; };
		A60262712B625341004C1392 /* SecondViewController.xib in Resources */ = {isa = PBXBuildFile; fileRef = A602626F2B625341004C1392 /* SecondViewController.xib */; };
		A60262742B625762004C1392 /* ThirdViewController.swift in Sources */ = {isa = PBXBuildFile; fileRef = A60262722B625762004C1392 /* ThirdViewController.swift */; };
		A60262752B625762004C1392 /* ThirdViewController.xib in Resources */ = {isa = PBXBuildFile; fileRef = A60262732B625762004C1392 /* ThirdViewController.xib */; };
		A60262792B625CFE004C1392 /* PageViewController.swift in Sources */ = {isa = PBXBuildFile; fileRef = A60262782B625CFE004C1392 /* PageViewController.swift */; };
		A602627C2B627B3B004C1392 /* FirstOnboardingViewController.swift in Sources */ = {isa = PBXBuildFile; fileRef = A602627A2B627B3B004C1392 /* FirstOnboardingViewController.swift */; };
		A602627D2B627B3B004C1392 /* FirstOnboardingViewController.xib in Resources */ = {isa = PBXBuildFile; fileRef = A602627B2B627B3B004C1392 /* FirstOnboardingViewController.xib */; };
		A602628B2B627DC4004C1392 /* OnboardingTwoCollectionViewCell.swift in Sources */ = {isa = PBXBuildFile; fileRef = A60262892B627DC4004C1392 /* OnboardingTwoCollectionViewCell.swift */; };
		A602628C2B627DC4004C1392 /* OnboardingTwoCollectionViewCell.xib in Resources */ = {isa = PBXBuildFile; fileRef = A602628A2B627DC4004C1392 /* OnboardingTwoCollectionViewCell.xib */; };
		A602628F2B627E1C004C1392 /* OnboardingThreeCollectionViewCell.swift in Sources */ = {isa = PBXBuildFile; fileRef = A602628D2B627E1C004C1392 /* OnboardingThreeCollectionViewCell.swift */; };
		A60262902B627E1C004C1392 /* OnboardingThreeCollectionViewCell.xib in Resources */ = {isa = PBXBuildFile; fileRef = A602628E2B627E1C004C1392 /* OnboardingThreeCollectionViewCell.xib */; };
		A60262922B62838C004C1392 /* Model.swift in Sources */ = {isa = PBXBuildFile; fileRef = A60262912B62838C004C1392 /* Model.swift */; };
		A6ECB1ED2B628AC0002CC1BD /* OnboardingOneCollectionViewCell.swift in Sources */ = {isa = PBXBuildFile; fileRef = A6ECB1EB2B628AC0002CC1BD /* OnboardingOneCollectionViewCell.swift */; };
		A6ECB1EE2B628AC0002CC1BD /* OnboardingOneCollectionViewCell.xib in Resources */ = {isa = PBXBuildFile; fileRef = A6ECB1EC2B628AC0002CC1BD /* OnboardingOneCollectionViewCell.xib */; };
/* End PBXBuildFile section */

/* Begin PBXFileReference section */
		A602624A2B623CA2004C1392 /* LoanApp.app */ = {isa = PBXFileReference; explicitFileType = wrapper.application; includeInIndex = 0; path = LoanApp.app; sourceTree = BUILT_PRODUCTS_DIR; };
		A602624D2B623CA2004C1392 /* AppDelegate.swift */ = {isa = PBXFileReference; lastKnownFileType = sourcecode.swift; path = AppDelegate.swift; sourceTree = "<group>"; };
		A602624F2B623CA2004C1392 /* SceneDelegate.swift */ = {isa = PBXFileReference; lastKnownFileType = sourcecode.swift; path = SceneDelegate.swift; sourceTree = "<group>"; };
		A60262562B623CA3004C1392 /* Assets.xcassets */ = {isa = PBXFileReference; lastKnownFileType = folder.assetcatalog; path = Assets.xcassets; sourceTree = "<group>"; };
		A60262592B623CA3004C1392 /* Base */ = {isa = PBXFileReference; lastKnownFileType = file.storyboard; name = Base; path = Base.lproj/LaunchScreen.storyboard; sourceTree = "<group>"; };
		A602625B2B623CA3004C1392 /* Info.plist */ = {isa = PBXFileReference; lastKnownFileType = text.plist.xml; path = Info.plist; sourceTree = "<group>"; };
		A60262622B62423A004C1392 /* FirstViewController.swift */ = {isa = PBXFileReference; lastKnownFileType = sourcecode.swift; path = FirstViewController.swift; sourceTree = "<group>"; };
		A60262632B62423A004C1392 /* FirstViewController.xib */ = {isa = PBXFileReference; lastKnownFileType = file.xib; path = FirstViewController.xib; sourceTree = "<group>"; };
		A602626A2B624C19004C1392 /* OnboardingOneViewController.swift */ = {isa = PBXFileReference; lastKnownFileType = sourcecode.swift; path = OnboardingOneViewController.swift; sourceTree = "<group>"; };
		A602626B2B624C19004C1392 /* OnboardingOneViewController.xib */ = {isa = PBXFileReference; lastKnownFileType = file.xib; path = OnboardingOneViewController.xib; sourceTree = "<group>"; };
		A602626E2B625341004C1392 /* SecondViewController.swift */ = {isa = PBXFileReference; lastKnownFileType = sourcecode.swift; path = SecondViewController.swift; sourceTree = "<group>"; };
		A602626F2B625341004C1392 /* SecondViewController.xib */ = {isa = PBXFileReference; lastKnownFileType = file.xib; path = SecondViewController.xib; sourceTree = "<group>"; };
		A60262722B625762004C1392 /* ThirdViewController.swift */ = {isa = PBXFileReference; lastKnownFileType = sourcecode.swift; path = ThirdViewController.swift; sourceTree = "<group>"; };
		A60262732B625762004C1392 /* ThirdViewController.xib */ = {isa = PBXFileReference; lastKnownFileType = file.xib; path = ThirdViewController.xib; sourceTree = "<group>"; };
		A60262782B625CFE004C1392 /* PageViewController.swift */ = {isa = PBXFileReference; lastKnownFileType = sourcecode.swift; path = PageViewController.swift; sourceTree = "<group>"; };
		A602627A2B627B3B004C1392 /* FirstOnboardingViewController.swift */ = {isa = PBXFileReference; lastKnownFileType = sourcecode.swift; path = FirstOnboardingViewController.swift; sourceTree = "<group>"; };
		A602627B2B627B3B004C1392 /* FirstOnboardingViewController.xib */ = {isa = PBXFileReference; lastKnownFileType = file.xib; path = FirstOnboardingViewController.xib; sourceTree = "<group>"; };
		A60262892B627DC4004C1392 /* OnboardingTwoCollectionViewCell.swift */ = {isa = PBXFileReference; lastKnownFileType = sourcecode.swift; path = OnboardingTwoCollectionViewCell.swift; sourceTree = "<group>"; };
		A602628A2B627DC4004C1392 /* OnboardingTwoCollectionViewCell.xib */ = {isa = PBXFileReference; lastKnownFileType = file.xib; path = OnboardingTwoCollectionViewCell.xib; sourceTree = "<group>"; };
		A602628D2B627E1C004C1392 /* OnboardingThreeCollectionViewCell.swift */ = {isa = PBXFileReference; lastKnownFileType = sourcecode.swift; path = OnboardingThreeCollectionViewCell.swift; sourceTree = "<group>"; };
		A602628E2B627E1C004C1392 /* OnboardingThreeCollectionViewCell.xib */ = {isa = PBXFileReference; lastKnownFileType = file.xib; path = OnboardingThreeCollectionViewCell.xib; sourceTree = "<group>"; };
		A60262912B62838C004C1392 /* Model.swift */ = {isa = PBXFileReference; lastKnownFileType = sourcecode.swift; path = Model.swift; sourceTree = "<group>"; };
		A6ECB1EB2B628AC0002CC1BD /* OnboardingOneCollectionViewCell.swift */ = {isa = PBXFileReference; lastKnownFileType = sourcecode.swift; path = OnboardingOneCollectionViewCell.swift; sourceTree = "<group>"; };
		A6ECB1EC2B628AC0002CC1BD /* OnboardingOneCollectionViewCell.xib */ = {isa = PBXFileReference; lastKnownFileType = file.xib; path = OnboardingOneCollectionViewCell.xib; sourceTree = "<group>"; };
/* End PBXFileReference section */

/* Begin PBXFrameworksBuildPhase section */
		A60262472B623CA2004C1392 /* Frameworks */ = {
			isa = PBXFrameworksBuildPhase;
			buildActionMask = 2147483647;
			files = (
			);
			runOnlyForDeploymentPostprocessing = 0;
		};
/* End PBXFrameworksBuildPhase section */

/* Begin PBXGroup section */
		A60262412B623CA2004C1392 = {
			isa = PBXGroup;
			children = (
				A602624C2B623CA2004C1392 /* LoanApp */,
				A602624B2B623CA2004C1392 /* Products */,
			);
			sourceTree = "<group>";
		};
		A602624B2B623CA2004C1392 /* Products */ = {
			isa = PBXGroup;
			children = (
				A602624A2B623CA2004C1392 /* LoanApp.app */,
			);
			name = Products;
			sourceTree = "<group>";
		};
		A602624C2B623CA2004C1392 /* LoanApp */ = {
			isa = PBXGroup;
			children = (
				A60262612B623DD4004C1392 /* Onboarding Page */,
				A602624D2B623CA2004C1392 /* AppDelegate.swift */,
				A602624F2B623CA2004C1392 /* SceneDelegate.swift */,
				A60262562B623CA3004C1392 /* Assets.xcassets */,
				A60262582B623CA3004C1392 /* LaunchScreen.storyboard */,
				A602625B2B623CA3004C1392 /* Info.plist */,
			);
			path = LoanApp;
			sourceTree = "<group>";
		};
		A60262612B623DD4004C1392 /* Onboarding Page */ = {
			isa = PBXGroup;
			children = (
				A60262842B627D09004C1392 /* Splash Screen */,
				A602627E2B627BC2004C1392 /* First */,
				A60262912B62838C004C1392 /* Model.swift */,
			);
			path = "Onboarding Page";
			sourceTree = "<group>";
		};
		A602627E2B627BC2004C1392 /* First */ = {
			isa = PBXGroup;
			children = (
				A60262622B62423A004C1392 /* FirstViewController.swift */,
				A60262632B62423A004C1392 /* FirstViewController.xib */,
				A602626A2B624C19004C1392 /* OnboardingOneViewController.swift */,
				A602626B2B624C19004C1392 /* OnboardingOneViewController.xib */,
				A602626E2B625341004C1392 /* SecondViewController.swift */,
				A602626F2B625341004C1392 /* SecondViewController.xib */,
				A60262722B625762004C1392 /* ThirdViewController.swift */,
				A60262732B625762004C1392 /* ThirdViewController.xib */,
				A60262782B625CFE004C1392 /* PageViewController.swift */,
			);
			path = First;
			sourceTree = "<group>";
		};
		A60262842B627D09004C1392 /* Splash Screen */ = {
			isa = PBXGroup;
			children = (
				A602627A2B627B3B004C1392 /* FirstOnboardingViewController.swift */,
				A602627B2B627B3B004C1392 /* FirstOnboardingViewController.xib */,
				A60262892B627DC4004C1392 /* OnboardingTwoCollectionViewCell.swift */,
				A602628A2B627DC4004C1392 /* OnboardingTwoCollectionViewCell.xib */,
				A602628D2B627E1C004C1392 /* OnboardingThreeCollectionViewCell.swift */,
				A602628E2B627E1C004C1392 /* OnboardingThreeCollectionViewCell.xib */,
				A6ECB1EB2B628AC0002CC1BD /* OnboardingOneCollectionViewCell.swift */,
				A6ECB1EC2B628AC0002CC1BD /* OnboardingOneCollectionViewCell.xib */,
			);
			path = "Splash Screen";
			sourceTree = "<group>";
		};
/* End PBXGroup section */

/* Begin PBXNativeTarget section */
		A60262492B623CA2004C1392 /* LoanApp */ = {
			isa = PBXNativeTarget;
			buildConfigurationList = A602625E2B623CA3004C1392 /* Build configuration list for PBXNativeTarget "LoanApp" */;
			buildPhases = (
				A60262462B623CA2004C1392 /* Sources */,
				A60262472B623CA2004C1392 /* Frameworks */,
				A60262482B623CA2004C1392 /* Resources */,
			);
			buildRules = (
			);
			dependencies = (
			);
			name = LoanApp;
			productName = LoanApp;
			productReference = A602624A2B623CA2004C1392 /* LoanApp.app */;
			productType = "com.apple.product-type.application";
		};
/* End PBXNativeTarget section */

/* Begin PBXProject section */
		A60262422B623CA2004C1392 /* Project object */ = {
			isa = PBXProject;
			attributes = {
				BuildIndependentTargetsInParallel = 1;
				LastSwiftUpdateCheck = 1520;
				LastUpgradeCheck = 1520;
				TargetAttributes = {
					A60262492B623CA2004C1392 = {
						CreatedOnToolsVersion = 15.2;
					};
				};
			};
			buildConfigurationList = A60262452B623CA2004C1392 /* Build configuration list for PBXProject "LoanApp" */;
			compatibilityVersion = "Xcode 14.0";
			developmentRegion = en;
			hasScannedForEncodings = 0;
			knownRegions = (
				en,
				Base,
			);
			mainGroup = A60262412B623CA2004C1392;
			productRefGroup = A602624B2B623CA2004C1392 /* Products */;
			projectDirPath = "";
			projectRoot = "";
			targets = (
				A60262492B623CA2004C1392 /* LoanApp */,
			);
		};
/* End PBXProject section */

/* Begin PBXResourcesBuildPhase section */
		A60262482B623CA2004C1392 /* Resources */ = {
			isa = PBXResourcesBuildPhase;
			buildActionMask = 2147483647;
			files = (
				A602627D2B627B3B004C1392 /* FirstOnboardingViewController.xib in Resources */,
				A60262902B627E1C004C1392 /* OnboardingThreeCollectionViewCell.xib in Resources */,
				A602626D2B624C19004C1392 /* OnboardingOneViewController.xib in Resources */,
				A602625A2B623CA3004C1392 /* LaunchScreen.storyboard in Resources */,
				A60262752B625762004C1392 /* ThirdViewController.xib in Resources */,
				A60262652B62423A004C1392 /* FirstViewController.xib in Resources */,
				A60262572B623CA3004C1392 /* Assets.xcassets in Resources */,
				A60262712B625341004C1392 /* SecondViewController.xib in Resources */,
				A6ECB1EE2B628AC0002CC1BD /* OnboardingOneCollectionViewCell.xib in Resources */,
				A602628C2B627DC4004C1392 /* OnboardingTwoCollectionViewCell.xib in Resources */,
			);
			runOnlyForDeploymentPostprocessing = 0;
		};
/* End PBXResourcesBuildPhase section */

/* Begin PBXSourcesBuildPhase section */
		A60262462B623CA2004C1392 /* Sources */ = {
			isa = PBXSourcesBuildPhase;
			buildActionMask = 2147483647;
			files = (
				A602627C2B627B3B004C1392 /* FirstOnboardingViewController.swift in Sources */,
				A602628F2B627E1C004C1392 /* OnboardingThreeCollectionViewCell.swift in Sources */,
				A602626C2B624C19004C1392 /* OnboardingOneViewController.swift in Sources */,
				A60262922B62838C004C1392 /* Model.swift in Sources */,
				A6ECB1ED2B628AC0002CC1BD /* OnboardingOneCollectionViewCell.swift in Sources */,
				A60262792B625CFE004C1392 /* PageViewController.swift in Sources */,
				A60262642B62423A004C1392 /* FirstViewController.swift in Sources */,
				A602624E2B623CA2004C1392 /* AppDelegate.swift in Sources */,
				A60262702B625341004C1392 /* SecondViewController.swift in Sources */,
				A602628B2B627DC4004C1392 /* OnboardingTwoCollectionViewCell.swift in Sources */,
				A60262742B625762004C1392 /* ThirdViewController.swift in Sources */,
				A60262502B623CA2004C1392 /* SceneDelegate.swift in Sources */,
			);
			runOnlyForDeploymentPostprocessing = 0;
		};
/* End PBXSourcesBuildPhase section */

/* Begin PBXVariantGroup section */
		A60262582B623CA3004C1392 /* LaunchScreen.storyboard */ = {
			isa = PBXVariantGroup;
			children = (
				A60262592B623CA3004C1392 /* Base */,
			);
			name = LaunchScreen.storyboard;
			sourceTree = "<group>";
		};
/* End PBXVariantGroup section */

/* Begin XCBuildConfiguration section */
		A602625C2B623CA3004C1392 /* Debug */ = {
			isa = XCBuildConfiguration;
			buildSettings = {
				ALWAYS_SEARCH_USER_PATHS = NO;
				ASSETCATALOG_COMPILER_GENERATE_SWIFT_ASSET_SYMBOL_EXTENSIONS = YES;
				CLANG_ANALYZER_NONNULL = YES;
				CLANG_ANALYZER_NUMBER_OBJECT_CONVERSION = YES_AGGRESSIVE;
				CLANG_CXX_LANGUAGE_STANDARD = "gnu++20";
				CLANG_ENABLE_MODULES = YES;
				CLANG_ENABLE_OBJC_ARC = YES;
				CLANG_ENABLE_OBJC_WEAK = YES;
				CLANG_WARN_BLOCK_CAPTURE_AUTORELEASING = YES;
				CLANG_WARN_BOOL_CONVERSION = YES;
				CLANG_WARN_COMMA = YES;
				CLANG_WARN_CONSTANT_CONVERSION = YES;
				CLANG_WARN_DEPRECATED_OBJC_IMPLEMENTATIONS = YES;
				CLANG_WARN_DIRECT_OBJC_ISA_USAGE = YES_ERROR;
				CLANG_WARN_DOCUMENTATION_COMMENTS = YES;
				CLANG_WARN_EMPTY_BODY = YES;
				CLANG_WARN_ENUM_CONVERSION = YES;
				CLANG_WARN_INFINITE_RECURSION = YES;
				CLANG_WARN_INT_CONVERSION = YES;
				CLANG_WARN_NON_LITERAL_NULL_CONVERSION = YES;
				CLANG_WARN_OBJC_IMPLICIT_RETAIN_SELF = YES;
				CLANG_WARN_OBJC_LITERAL_CONVERSION = YES;
				CLANG_WARN_OBJC_ROOT_CLASS = YES_ERROR;
				CLANG_WARN_QUOTED_INCLUDE_IN_FRAMEWORK_HEADER = YES;
				CLANG_WARN_RANGE_LOOP_ANALYSIS = YES;
				CLANG_WARN_STRICT_PROTOTYPES = YES;
				CLANG_WARN_SUSPICIOUS_MOVE = YES;
				CLANG_WARN_UNGUARDED_AVAILABILITY = YES_AGGRESSIVE;
				CLANG_WARN_UNREACHABLE_CODE = YES;
				CLANG_WARN__DUPLICATE_METHOD_MATCH = YES;
				COPY_PHASE_STRIP = NO;
				DEBUG_INFORMATION_FORMAT = dwarf;
				ENABLE_STRICT_OBJC_MSGSEND = YES;
				ENABLE_TESTABILITY = YES;
				ENABLE_USER_SCRIPT_SANDBOXING = YES;
				GCC_C_LANGUAGE_STANDARD = gnu17;
				GCC_DYNAMIC_NO_PIC = NO;
				GCC_NO_COMMON_BLOCKS = YES;
				GCC_OPTIMIZATION_LEVEL = 0;
				GCC_PREPROCESSOR_DEFINITIONS = (
					"DEBUG=1",
					"$(inherited)",
				);
				GCC_WARN_64_TO_32_BIT_CONVERSION = YES;
				GCC_WARN_ABOUT_RETURN_TYPE = YES_ERROR;
				GCC_WARN_UNDECLARED_SELECTOR = YES;
				GCC_WARN_UNINITIALIZED_AUTOS = YES_AGGRESSIVE;
				GCC_WARN_UNUSED_FUNCTION = YES;
				GCC_WARN_UNUSED_VARIABLE = YES;
				IPHONEOS_DEPLOYMENT_TARGET = 17.2;
				LOCALIZATION_PREFERS_STRING_CATALOGS = YES;
				MTL_ENABLE_DEBUG_INFO = INCLUDE_SOURCE;
				MTL_FAST_MATH = YES;
				ONLY_ACTIVE_ARCH = YES;
				SDKROOT = iphoneos;
				SWIFT_ACTIVE_COMPILATION_CONDITIONS = "DEBUG $(inherited)";
				SWIFT_OPTIMIZATION_LEVEL = "-Onone";
			};
			name = Debug;
		};
		A602625D2B623CA3004C1392 /* Release */ = {
			isa = XCBuildConfiguration;
			buildSettings = {
				ALWAYS_SEARCH_USER_PATHS = NO;
				ASSETCATALOG_COMPILER_GENERATE_SWIFT_ASSET_SYMBOL_EXTENSIONS = YES;
				CLANG_ANALYZER_NONNULL = YES;
				CLANG_ANALYZER_NUMBER_OBJECT_CONVERSION = YES_AGGRESSIVE;
				CLANG_CXX_LANGUAGE_STANDARD = "gnu++20";
				CLANG_ENABLE_MODULES = YES;
				CLANG_ENABLE_OBJC_ARC = YES;
				CLANG_ENABLE_OBJC_WEAK = YES;
				CLANG_WARN_BLOCK_CAPTURE_AUTORELEASING = YES;
				CLANG_WARN_BOOL_CONVERSION = YES;
				CLANG_WARN_COMMA = YES;
				CLANG_WARN_CONSTANT_CONVERSION = YES;
				CLANG_WARN_DEPRECATED_OBJC_IMPLEMENTATIONS = YES;
				CLANG_WARN_DIRECT_OBJC_ISA_USAGE = YES_ERROR;
				CLANG_WARN_DOCUMENTATION_COMMENTS = YES;
				CLANG_WARN_EMPTY_BODY = YES;
				CLANG_WARN_ENUM_CONVERSION = YES;
				CLANG_WARN_INFINITE_RECURSION = YES;
				CLANG_WARN_INT_CONVERSION = YES;
				CLANG_WARN_NON_LITERAL_NULL_CONVERSION = YES;
				CLANG_WARN_OBJC_IMPLICIT_RETAIN_SELF = YES;
				CLANG_WARN_OBJC_LITERAL_CONVERSION = YES;
				CLANG_WARN_OBJC_ROOT_CLASS = YES_ERROR;
				CLANG_WARN_QUOTED_INCLUDE_IN_FRAMEWORK_HEADER = YES;
				CLANG_WARN_RANGE_LOOP_ANALYSIS = YES;
				CLANG_WARN_STRICT_PROTOTYPES = YES;
				CLANG_WARN_SUSPICIOUS_MOVE = YES;
				CLANG_WARN_UNGUARDED_AVAILABILITY = YES_AGGRESSIVE;
				CLANG_WARN_UNREACHABLE_CODE = YES;
				CLANG_WARN__DUPLICATE_METHOD_MATCH = YES;
				COPY_PHASE_STRIP = NO;
				DEBUG_INFORMATION_FORMAT = "dwarf-with-dsym";
				ENABLE_NS_ASSERTIONS = NO;
				ENABLE_STRICT_OBJC_MSGSEND = YES;
				ENABLE_USER_SCRIPT_SANDBOXING = YES;
				GCC_C_LANGUAGE_STANDARD = gnu17;
				GCC_NO_COMMON_BLOCKS = YES;
				GCC_WARN_64_TO_32_BIT_CONVERSION = YES;
				GCC_WARN_ABOUT_RETURN_TYPE = YES_ERROR;
				GCC_WARN_UNDECLARED_SELECTOR = YES;
				GCC_WARN_UNINITIALIZED_AUTOS = YES_AGGRESSIVE;
				GCC_WARN_UNUSED_FUNCTION = YES;
				GCC_WARN_UNUSED_VARIABLE = YES;
				IPHONEOS_DEPLOYMENT_TARGET = 17.2;
				LOCALIZATION_PREFERS_STRING_CATALOGS = YES;
				MTL_ENABLE_DEBUG_INFO = NO;
				MTL_FAST_MATH = YES;
				SDKROOT = iphoneos;
				SWIFT_COMPILATION_MODE = wholemodule;
				VALIDATE_PRODUCT = YES;
			};
			name = Release;
		};
		A602625F2B623CA3004C1392 /* Debug */ = {
			isa = XCBuildConfiguration;
			buildSettings = {
				ASSETCATALOG_COMPILER_APPICON_NAME = AppIcon;
				ASSETCATALOG_COMPILER_GLOBAL_ACCENT_COLOR_NAME = AccentColor;
				CODE_SIGN_STYLE = Automatic;
				CURRENT_PROJECT_VERSION = 1;
				DEVELOPMENT_TEAM = W2P8F2N2L2;
				GENERATE_INFOPLIST_FILE = YES;
				INFOPLIST_FILE = LoanApp/Info.plist;
				INFOPLIST_KEY_UIApplicationSupportsIndirectInputEvents = YES;
				INFOPLIST_KEY_UILaunchStoryboardName = LaunchScreen;
				INFOPLIST_KEY_UISupportedInterfaceOrientations_iPad = "UIInterfaceOrientationPortrait UIInterfaceOrientationPortraitUpsideDown UIInterfaceOrientationLandscapeLeft UIInterfaceOrientationLandscapeRight";
				INFOPLIST_KEY_UISupportedInterfaceOrientations_iPhone = "UIInterfaceOrientationPortrait UIInterfaceOrientationLandscapeLeft UIInterfaceOrientationLandscapeRight";
				LD_RUNPATH_SEARCH_PATHS = (
					"$(inherited)",
					"@executable_path/Frameworks",
				);
				MARKETING_VERSION = 1.0;
				PRODUCT_BUNDLE_IDENTIFIER = com.myapp.LoanApp;
				PRODUCT_NAME = "$(TARGET_NAME)";
				SWIFT_EMIT_LOC_STRINGS = YES;
				SWIFT_VERSION = 5.0;
				TARGETED_DEVICE_FAMILY = "1,2";
			};
			name = Debug;
		};
		A60262602B623CA3004C1392 /* Release */ = {
			isa = XCBuildConfiguration;
			buildSettings = {
				ASSETCATALOG_COMPILER_APPICON_NAME = AppIcon;
				ASSETCATALOG_COMPILER_GLOBAL_ACCENT_COLOR_NAME = AccentColor;
				CODE_SIGN_STYLE = Automatic;
				CURRENT_PROJECT_VERSION = 1;
				DEVELOPMENT_TEAM = W2P8F2N2L2;
				GENERATE_INFOPLIST_FILE = YES;
				INFOPLIST_FILE = LoanApp/Info.plist;
				INFOPLIST_KEY_UIApplicationSupportsIndirectInputEvents = YES;
				INFOPLIST_KEY_UILaunchStoryboardName = LaunchScreen;
				INFOPLIST_KEY_UISupportedInterfaceOrientations_iPad = "UIInterfaceOrientationPortrait UIInterfaceOrientationPortraitUpsideDown UIInterfaceOrientationLandscapeLeft UIInterfaceOrientationLandscapeRight";
				INFOPLIST_KEY_UISupportedInterfaceOrientations_iPhone = "UIInterfaceOrientationPortrait UIInterfaceOrientationLandscapeLeft UIInterfaceOrientationLandscapeRight";
				LD_RUNPATH_SEARCH_PATHS = (
					"$(inherited)",
					"@executable_path/Frameworks",
				);
				MARKETING_VERSION = 1.0;
				PRODUCT_BUNDLE_IDENTIFIER = com.myapp.LoanApp;
				PRODUCT_NAME = "$(TARGET_NAME)";
				SWIFT_EMIT_LOC_STRINGS = YES;
				SWIFT_VERSION = 5.0;
				TARGETED_DEVICE_FAMILY = "1,2";
			};
			name = Release;
		};
/* End XCBuildConfiguration section */

/* Begin XCConfigurationList section */
		A60262452B623CA2004C1392 /* Build configuration list for PBXProject "LoanApp" */ = {
			isa = XCConfigurationList;
			buildConfigurations = (
				A602625C2B623CA3004C1392 /* Debug */,
				A602625D2B623CA3004C1392 /* Release */,
			);
			defaultConfigurationIsVisible = 0;
			defaultConfigurationName = Release;
		};
		A602625E2B623CA3004C1392 /* Build configuration list for PBXNativeTarget "LoanApp" */ = {
			isa = XCConfigurationList;
			buildConfigurations = (
				A602625F2B623CA3004C1392 /* Debug */,
				A60262602B623CA3004C1392 /* Release */,
			);
			defaultConfigurationIsVisible = 0;
			defaultConfigurationName = Release;
		};
/* End XCConfigurationList section */
	};
	rootObject = A60262422B623CA2004C1392 /* Project object */;
}
